
Microsoft Visual Studio Solution File, Format Version 12.00
# Visual Studio Version 17
VisualStudioVersion = 17.1.32228.430
MinimumVisualStudioVersion = 10.0.40219.1
Project("{FAE04EC0-301F-11D3-BF4B-00C04F79EFBC}") = "Ejercicio.Android", "Ejercicio\Ejercicio.Android\Ejercicio.Android.csproj", "{F1461FBE-5196-4664-8771-50EAEB4DB985}"
EndProject
Project("{FAE04EC0-301F-11D3-BF4B-00C04F79EFBC}") = "Ejercicio.iOS", "Ejercicio\Ejercicio.iOS\Ejercicio.iOS.csproj", "{066FF22B-07EA-4D38-B660-5838C6EB3499}"
EndProject
Project("{FAE04EC0-301F-11D3-BF4B-00C04F79EFBC}") = "Ejercicio", "Ejercicio\Ejercicio\Ejercicio.csproj", "{5A16335F-F917-449C-BB33-616B9663A79B}"
EndProject
Global
	GlobalSection(SolutionConfigurationPlatforms) = preSolution
		Debug|Any CPU = Debug|Any CPU
		Debug|iPhone = Debug|iPhone
		Debug|iPhoneSimulator = Debug|iPhoneSimulator
		Release|Any CPU = Release|Any CPU
		Release|iPhone = Release|iPhone
		Release|iPhoneSimulator = Release|iPhoneSimulator
	EndGlobalSection
	GlobalSection(ProjectConfigurationPlatforms) = postSolution
		{F1461FBE-5196-4664-8771-50EAEB4DB985}.Debug|Any CPU.ActiveCfg = Debug|Any CPU
		{F1461FBE-5196-4664-8771-50EAEB4DB985}.Debug|Any CPU.Build.0 = Debug|Any CPU
		{F1461FBE-5196-4664-8771-50EAEB4DB985}.Debug|Any CPU.Deploy.0 = Debug|Any CPU
		{F1461FBE-5196-4664-8771-50EAEB4DB985}.Debug|iPhone.ActiveCfg = Debug|Any CPU
		{F1461FBE-5196-4664-8771-50EAEB4DB985}.Debug|iPhone.Build.0 = Debug|Any CPU
		{F1461FBE-5196-4664-8771-50EAEB4DB985}.Debug|iPhone.Deploy.0 = Debug|Any CPU
		{F1461FBE-5196-4664-8771-50EAEB4DB985}.Debug|iPhoneSimulator.ActiveCfg = Debug|Any CPU
		{F1461FBE-5196-4664-8771-50EAEB4DB985}.Debug|iPhoneSimulator.Build.0 = Debug|Any CPU
		{F1461FBE-5196-4664-8771-50EAEB4DB985}.Debug|iPhoneSimulator.Deploy.0 = Debug|Any CPU
		{F1461FBE-5196-4664-8771-50EAEB4DB985}.Release|Any CPU.ActiveCfg = Release|Any CPU
		{F1461FBE-5196-4664-8771-50EAEB4DB985}.Release|Any CPU.Build.0 = Release|Any CPU
		{F1461FBE-5196-4664-8771-50EAEB4DB985}.Release|Any CPU.Deploy.0 = Release|Any CPU
		{F1461FBE-5196-4664-8771-50EAEB4DB985}.Release|iPhone.ActiveCfg = Release|Any CPU
		{F1461FBE-5196-4664-8771-50EAEB4DB985}.Release|iPhone.Build.0 = Release|Any CPU
		{F1461FBE-5196-4664-8771-50EAEB4DB985}.Release|iPhone.Deploy.0 = Release|Any CPU
		{F1461FBE-5196-4664-8771-50EAEB4DB985}.Release|iPhoneSimulator.ActiveCfg = Release|Any CPU
		{F1461FBE-5196-4664-8771-50EAEB4DB985}.Release|iPhoneSimulator.Build.0 = Release|Any CPU
		{F1461FBE-5196-4664-8771-50EAEB4DB985}.Release|iPhoneSimulator.Deploy.0 = Release|Any CPU
		{066FF22B-07EA-4D38-B660-5838C6EB3499}.Debug|Any CPU.ActiveCfg = Debug|iPhone
		{066FF22B-07EA-4D38-B660-5838C6EB3499}.Debug|Any CPU.Build.0 = Debug|iPhone
		{066FF22B-07EA-4D38-B660-5838C6EB3499}.Debug|Any CPU.Deploy.0 = Debug|iPhone
		{066FF22B-07EA-4D38-B660-5838C6EB3499}.Debug|iPhone.ActiveCfg = Debug|iPhone
		{066FF22B-07EA-4D38-B660-5838C6EB3499}.Debug|iPhone.Build.0 = Debug|iPhone
		{066FF22B-07EA-4D38-B660-5838C6EB3499}.Debug|iPhone.Deploy.0 = Debug|iPhone
		{066FF22B-07EA-4D38-B660-5838C6EB3499}.Debug|iPhoneSimulator.ActiveCfg = Debug|iPhoneSimulator
		{066FF22B-07EA-4D38-B660-5838C6EB3499}.Debug|iPhoneSimulator.Build.0 = Debug|iPhoneSimulator
		{066FF22B-07EA-4D38-B660-5838C6EB3499}.Debug|iPhoneSimulator.Deploy.0 = Debug|iPhoneSimulator
		{066FF22B-07EA-4D38-B660-5838C6EB3499}.Release|Any CPU.ActiveCfg = Release|iPhoneSimulator
		{066FF22B-07EA-4D38-B660-5838C6EB3499}.Release|Any CPU.Build.0 = Release|iPhoneSimulator
		{066FF22B-07EA-4D38-B660-5838C6EB3499}.Release|Any CPU.Deploy.0 = Release|iPhoneSimulator
		{066FF22B-07EA-4D38-B660-5838C6EB3499}.Release|iPhone.ActiveCfg = Release|iPhone
		{066FF22B-07EA-4D38-B660-5838C6EB3499}.Release|iPhone.Build.0 = Release|iPhone
		{066FF22B-07EA-4D38-B660-5838C6EB3499}.Release|iPhone.Deploy.0 = Release|iPhone
		{066FF22B-07EA-4D38-B660-5838C6EB3499}.Release|iPhoneSimulator.ActiveCfg = Release|iPhoneSimulator
		{066FF22B-07EA-4D38-B660-5838C6EB3499}.Release|iPhoneSimulator.Build.0 = Release|iPhoneSimulator
		{066FF22B-07EA-4D38-B660-5838C6EB3499}.Release|iPhoneSimulator.Deploy.0 = Release|iPhoneSimulator
		{5A16335F-F917-449C-BB33-616B9663A79B}.Debug|Any CPU.ActiveCfg = Debug|Any CPU
		{5A16335F-F917-449C-BB33-616B9663A79B}.Debug|Any CPU.Build.0 = Debug|Any CPU
		{5A16335F-F917-449C-BB33-616B9663A79B}.Debug|Any CPU.Deploy.0 = Debug|Any CPU
		{5A16335F-F917-449C-BB33-616B9663A79B}.Debug|iPhone.ActiveCfg = Debug|Any CPU
		{5A16335F-F917-449C-BB33-616B9663A79B}.Debug|iPhone.Build.0 = Debug|Any CPU
		{5A16335F-F917-449C-BB33-616B9663A79B}.Debug|iPhone.Deploy.0 = Debug|Any CPU
		{5A16335F-F917-449C-BB33-616B9663A79B}.Debug|iPhoneSimulator.ActiveCfg = Debug|Any CPU
		{5A16335F-F917-449C-BB33-616B9663A79B}.Debug|iPhoneSimulator.Build.0 = Debug|Any CPU
		{5A16335F-F917-449C-BB33-616B9663A79B}.Debug|iPhoneSimulator.Deploy.0 = Debug|Any CPU
		{5A16335F-F917-449C-BB33-616B9663A79B}.Release|Any CPU.ActiveCfg = Release|Any CPU
		{5A16335F-F917-449C-BB33-616B9663A79B}.Release|Any CPU.Build.0 = Release|Any CPU
		{5A16335F-F917-449C-BB33-616B9663A79B}.Release|Any CPU.Deploy.0 = Release|Any CPU
		{5A16335F-F917-449C-BB33-616B9663A79B}.Release|iPhone.ActiveCfg = Release|Any CPU
		{5A16335F-F917-449C-BB33-616B9663A79B}.Release|iPhone.Build.0 = Release|Any CPU
		{5A16335F-F917-449C-BB33-616B9663A79B}.Release|iPhone.Deploy.0 = Release|Any CPU
		{5A16335F-F917-449C-BB33-616B9663A79B}.Release|iPhoneSimulator.ActiveCfg = Release|Any CPU
		{5A16335F-F917-449C-BB33-616B9663A79B}.Release|iPhoneSimulator.Build.0 = Release|Any CPU
		{5A16335F-F917-449C-BB33-616B9663A79B}.Release|iPhoneSimulator.Deploy.0 = Release|Any CPU
	EndGlobalSection
	GlobalSection(SolutionProperties) = preSolution
		HideSolutionNode = FALSE
	EndGlobalSection
	GlobalSection(ExtensibilityGlobals) = postSolution
		SolutionGuid = {8C00C5AF-FD8E-480E-B3E4-B90D17C6BBE6}
	EndGlobalSection
EndGlobal
